
Microsoft Visual Studio Solution File, Format Version 12.00
# Visual Studio Version 16
VisualStudioVersion = 16.0.34931.43
MinimumVisualStudioVersion = 10.0.40219.1
Project("{FAE04EC0-301F-11D3-BF4B-00C04F79EFBC}") = "ConsoleApp1", "ConsoleApp1\ConsoleApp1.csproj", "{FABA6C2B-3B0F-46BA-A423-A402CCE45CEF}"
EndProject
Global
	GlobalSection(SolutionConfigurationPlatforms) = preSolution
		Debug|Any CPU = Debug|Any CPU
		Release|Any CPU = Release|Any CPU
	EndGlobalSection
	GlobalSection(ProjectConfigurationPlatforms) = postSolution
		{FABA6C2B-3B0F-46BA-A423-A402CCE45CEF}.Debug|Any CPU.ActiveCfg = Debug|Any CPU
		{FABA6C2B-3B0F-46BA-A423-A402CCE45CEF}.Debug|Any CPU.Build.0 = Debug|Any CPU
		{FABA6C2B-3B0F-46BA-A423-A402CCE45CEF}.Release|Any CPU.ActiveCfg = Release|Any CPU
		{FABA6C2B-3B0F-46BA-A423-A402CCE45CEF}.Release|Any CPU.Build.0 = Release|Any CPU
	EndGlobalSection
	GlobalSection(SolutionProperties) = preSolution
		HideSolutionNode = FALSE
	EndGlobalSection
	GlobalSection(ExtensibilityGlobals) = postSolution
		SolutionGuid = {36DC2B8A-1104-4ED0-A690-3288B668E1FC}
	EndGlobalSection
EndGlobal
