
Microsoft Visual Studio Solution File, Format Version 12.00
# Visual Studio Version 16
VisualStudioVersion = 16.0.34931.43
MinimumVisualStudioVersion = 10.0.40219.1
Project("{FAE04EC0-301F-11D3-BF4B-00C04F79EFBC}") = "ASP assign 1", "ASP assign 1\ASP assign 1.csproj", "{F380EBD4-1C3C-48C1-93BA-E03E90379203}"
EndProject
Global
	GlobalSection(SolutionConfigurationPlatforms) = preSolution
		Debug|Any CPU = Debug|Any CPU
		Release|Any CPU = Release|Any CPU
	EndGlobalSection
	GlobalSection(ProjectConfigurationPlatforms) = postSolution
		{F380EBD4-1C3C-48C1-93BA-E03E90379203}.Debug|Any CPU.ActiveCfg = Debug|Any CPU
		{F380EBD4-1C3C-48C1-93BA-E03E90379203}.Debug|Any CPU.Build.0 = Debug|Any CPU
		{F380EBD4-1C3C-48C1-93BA-E03E90379203}.Release|Any CPU.ActiveCfg = Release|Any CPU
		{F380EBD4-1C3C-48C1-93BA-E03E90379203}.Release|Any CPU.Build.0 = Release|Any CPU
	EndGlobalSection
	GlobalSection(SolutionProperties) = preSolution
		HideSolutionNode = FALSE
	EndGlobalSection
	GlobalSection(ExtensibilityGlobals) = postSolution
		SolutionGuid = {5850E0F8-6A99-4705-B498-330421E8511D}
	EndGlobalSection
EndGlobal
