
Microsoft Visual Studio Solution File, Format Version 12.00
# Visual Studio Version 16
VisualStudioVersion = 16.0.34931.43
MinimumVisualStudioVersion = 10.0.40219.1
Project("{FAE04EC0-301F-11D3-BF4B-00C04F79EFBC}") = "CC10", "CC10\CC10.csproj", "{6959FB08-8F8C-4ADD-ADB9-F3B991886708}"
EndProject
Global
	GlobalSection(SolutionConfigurationPlatforms) = preSolution
		Debug|Any CPU = Debug|Any CPU
		Release|Any CPU = Release|Any CPU
	EndGlobalSection
	GlobalSection(ProjectConfigurationPlatforms) = postSolution
		{6959FB08-8F8C-4ADD-ADB9-F3B991886708}.Debug|Any CPU.ActiveCfg = Debug|Any CPU
		{6959FB08-8F8C-4ADD-ADB9-F3B991886708}.Debug|Any CPU.Build.0 = Debug|Any CPU
		{6959FB08-8F8C-4ADD-ADB9-F3B991886708}.Release|Any CPU.ActiveCfg = Release|Any CPU
		{6959FB08-8F8C-4ADD-ADB9-F3B991886708}.Release|Any CPU.Build.0 = Release|Any CPU
	EndGlobalSection
	GlobalSection(SolutionProperties) = preSolution
		HideSolutionNode = FALSE
	EndGlobalSection
	GlobalSection(ExtensibilityGlobals) = postSolution
		SolutionGuid = {6960C16A-8079-46DB-AFD9-99C26389BFBB}
	EndGlobalSection
EndGlobal
